// !$*UTF8*$!
{
	archiveVersion = 1;
	classes = {
	};
	objectVersion = 100;
	objects = {

/* Begin PBXFileReference section */
		233B3DC7306975960098472F /* NepalKit.app */ = {isa = PBXFileReference; explicitFileType = wrapper.application; includeInIndex = 0; path = NepalKit.app; sourceTree = BUILT_PRODUCTS_DIR; };
		7A7B7C0106975960098472F /* NepalKitTests.xctest */ = {isa = PBXFileReference; explicitFileType = wrapper.cfbundle; includeInIndex = 0; path = NepalKitTests.xctest; sourceTree = BUILT_PRODUCTS_DIR; };
		A110C001C0DE000000000001 /* AppIcon.icon */ = {isa = PBXFileReference; lastKnownFileType = folder.iconcomposer.icon; path = AppIcon.icon; sourceTree = "<group>"; };
		4C1E7A0100000000000000A1 /* LICENSE */ = {isa = PBXFileReference; lastKnownFileType = text; name = LICENSE; path = LICENSE; sourceTree = "<group>"; };
/* End PBXFileReference section */

/* Begin PBXFileSystemSynchronizedRootGroup section */
		233B3DC9306975960098472F /* NepalKit */ = {
			isa = PBXFileSystemSynchronizedRootGroup;
			exceptions = (
				233B3DC9306975960098472E /* Exceptions for "NepalKit" folder in "NepalKit" target */,
			);
			path = NepalKit;
			sourceTree = "<group>";
		};
		7A7B7C0206975960098472F /* NepalKitTests */ = {
			isa = PBXFileSystemSynchronizedRootGroup;
			path = NepalKitTests;
			sourceTree = "<group>";
		};
/* End PBXFileSystemSynchronizedRootGroup section */

/* Begin PBXFrameworksBuildPhase section */
		233B3DC4306975960098472F /* Frameworks */ = {
			isa = PBXFrameworksBuildPhase;
			files = (
				233B3DE2306975960098472F /* NepalKitCore in Frameworks */,
			);
		};
		7A7B7C0506975960098472F /* Frameworks */ = {
			isa = PBXFrameworksBuildPhase;
			files = (
				7A7B7C0C06975960098472F /* NepalKitCore in Frameworks */,
			);
		};
/* End PBXFrameworksBuildPhase section */

/* Begin PBXFileSystemSynchronizedBuildFileExceptionSet section */
		233B3DC9306975960098472E /* Exceptions for "NepalKit" folder in "NepalKit" target */ = {
			isa = PBXFileSystemSynchronizedBuildFileExceptionSet;
			membershipExceptions = (
				Info.plist,
			);
			target = 233B3DC6306975960098472F /* NepalKit */;
		};
/* End PBXFileSystemSynchronizedBuildFileExceptionSet section */

/* Begin PBXGroup section */
		233B3DBE306975960098472F = {
			isa = PBXGroup;
			children = (
				233B3DC9306975960098472F /* NepalKit */,
				7A7B7C0206975960098472F /* NepalKitTests */,
				A110C001C0DE000000000001 /* AppIcon.icon */,
				4C1E7A0100000000000000A1 /* LICENSE */,
				233B3DC8306975960098472F /* Products */,
			);
			sourceTree = "<group>";
		};
		233B3DC8306975960098472F /* Products */ = {
			isa = PBXGroup;
			children = (
				233B3DC7306975960098472F /* NepalKit.app */,
			);
			name = Products;
			sourceTree = "<group>";
		};
/* End PBXGroup section */

/* Begin PBXNativeTarget section */
		233B3DC6306975960098472F /* NepalKit */ = {
			isa = PBXNativeTarget;
			buildConfigurationList = 233B3DD2306975980098472F /* Build configuration list for PBXNativeTarget "NepalKit" */;
			buildPhases = (
				233B3DC3306975960098472F /* Sources */,
				233B3DC4306975960098472F /* Frameworks */,
				233B3DC5306975960098472F /* Resources */,
			);
			buildRules = (
			);
			fileSystemSynchronizedGroups = (
				233B3DC9306975960098472F /* NepalKit */,
			);
			packageProductDependencies = (
				233B3DE1306975960098472F /* NepalKitCore */,
				A17E000000000000000000A2 /* Sparkle */,
			);
			name = NepalKit;
			productName = NepalKit;
			productReference = 233B3DC7306975960098472F /* NepalKit.app */;
			productType = "com.apple.product-type.application";
		};
		7A7B7C0306975960098472F /* NepalKitTests */ = {
			isa = PBXNativeTarget;
			buildConfigurationList = 7A7B7C0906975960098472F /* Build configuration list for PBXNativeTarget "NepalKitTests" */;
			buildPhases = (
				7A7B7C0406975960098472F /* Sources */,
				7A7B7C0506975960098472F /* Frameworks */,
				7A7B7C0606975960098472F /* Resources */,
			);
			buildRules = (
			);
			dependencies = (
				7A7B7C0706975960098472F /* PBXTargetDependency */,
			);
			fileSystemSynchronizedGroups = (
				7A7B7C0206975960098472F /* NepalKitTests */,
			);
			packageProductDependencies = (
				7A7B7C0D06975960098472F /* NepalKitCore */,
			);
			name = NepalKitTests;
			productName = "$(TARGET_NAME)";
			productReference = 7A7B7C0106975960098472F /* NepalKitTests.xctest */;
			productType = "com.apple.product-type.bundle.unit-test";
		};
/* End PBXNativeTarget section */

/* Begin PBXProject section */
		233B3DBF306975960098472F /* Project object */ = {
			isa = PBXProject;
			attributes = {
				BuildIndependentTargetsInParallel = 1;
				LastSwiftUpdateCheck = 2600;
				LastUpgradeCheck = 2600;
				TargetAttributes = {
					233B3DC6306975960098472F = {
						CreatedOnToolsVersion = 27.0;
					};
					7A7B7C0306975960098472F = {
						CreatedOnToolsVersion = 27.0;
					};
				};
			};
			buildConfigurationList = 233B3DC2306975960098472F /* Build configuration list for PBXProject "NepalKit" */;
			developmentRegion = en;
			hasScannedForEncodings = 0;
			knownRegions = (
				en,
				Base,
			);
			mainGroup = 233B3DBE306975960098472F;
			minimizedProjectReferenceProxies = 1;
			packageReferences = (
				A17E000000000000000000A1 /* XCRemoteSwiftPackageReference "Sparkle" */,
				233B3DE0306975960098472F /* XCLocalSwiftPackageReference "NepalKitCore" */,
			);
			preferredProjectObjectVersion = 77;
			productRefGroup = 233B3DC8306975960098472F /* Products */;
			projectDirPath = "";
			projectRoot = "";
			targets = (
				233B3DC6306975960098472F /* NepalKit */,
				7A7B7C0306975960098472F /* NepalKitTests */,
			);
		};
/* End PBXProject section */

/* Begin PBXResourcesBuildPhase section */
		233B3DC5306975960098472F /* Resources */ = {
			isa = PBXResourcesBuildPhase;
			files = (
				A110C001C0DE000000000002 /* AppIcon.icon in Resources */,
				4C1E7A0100000000000000A2 /* LICENSE in Resources */,
			);
		};
		7A7B7C0606975960098472F /* Resources */ = {
			isa = PBXResourcesBuildPhase;
			files = (
			);
		};
/* End PBXResourcesBuildPhase section */

/* Begin PBXSourcesBuildPhase section */
		233B3DC3306975960098472F /* Sources */ = {
			isa = PBXSourcesBuildPhase;
			files = (
			);
		};
		7A7B7C0406975960098472F /* Sources */ = {
			isa = PBXSourcesBuildPhase;
			files = (
			);
		};
/* End PBXSourcesBuildPhase section */

/* Begin PBXBuildFile section */
		233B3DE2306975960098472F /* NepalKitCore in Frameworks */ = {isa = PBXBuildFile; productRef = 233B3DE1306975960098472F /* NepalKitCore */; };
		7A7B7C0C06975960098472F /* NepalKitCore in Frameworks */ = {isa = PBXBuildFile; productRef = 7A7B7C0D06975960098472F /* NepalKitCore */; };
		A110C001C0DE000000000002 /* AppIcon.icon in Resources */ = {isa = PBXBuildFile; fileRef = A110C001C0DE000000000001 /* AppIcon.icon */; };
		4C1E7A0100000000000000A2 /* LICENSE in Resources */ = {isa = PBXBuildFile; fileRef = 4C1E7A0100000000000000A1 /* LICENSE */; };
/* End PBXBuildFile section */

/* Begin XCLocalSwiftPackageReference section */
		233B3DE0306975960098472F /* XCLocalSwiftPackageReference "NepalKitCore" */ = {isa = XCLocalSwiftPackageReference; relativePath = NepalKitCore; };
/* End XCLocalSwiftPackageReference section */

/* Begin XCRemoteSwiftPackageReference section */
		A17E000000000000000000A1 /* XCRemoteSwiftPackageReference "Sparkle" */ = {
			isa = XCRemoteSwiftPackageReference;
			repositoryURL = "https://github.com/sparkle-project/Sparkle";
			requirement = {
				kind = exactVersion;
				version = 2.9.6;
			};
		};
/* End XCRemoteSwiftPackageReference section */

/* Begin XCSwiftPackageProductDependency section */
		233B3DE1306975960098472F /* NepalKitCore */ = {isa = XCSwiftPackageProductDependency; package = 233B3DE0306975960098472F /* XCLocalSwiftPackageReference "NepalKitCore" */; productName = NepalKitCore; };
		7A7B7C0D06975960098472F /* NepalKitCore */ = {isa = XCSwiftPackageProductDependency; package = 233B3DE0306975960098472F /* XCLocalSwiftPackageReference "NepalKitCore" */; productName = NepalKitCore; };
		A17E000000000000000000A2 /* Sparkle */ = {isa = XCSwiftPackageProductDependency; package = A17E000000000000000000A1 /* XCRemoteSwiftPackageReference "Sparkle" */; productName = Sparkle; };
/* End XCSwiftPackageProductDependency section */

/* Begin PBXContainerItemProxy section */
		7A7B7C0806975960098472F /* PBXContainerItemProxy */ = {
			isa = PBXContainerItemProxy;
			containerPortal = 233B3DBF306975960098472F;
			proxyType = 1;
			remoteGlobalIDString = 233B3DC6306975960098472F;
			remoteInfo = NepalKit;
		};
/* End PBXContainerItemProxy section */

/* Begin PBXTargetDependency section */
		7A7B7C0706975960098472F /* PBXTargetDependency */ = {
			isa = PBXTargetDependency;
			target = 233B3DC6306975960098472F /* NepalKit */;
			targetProxy = 7A7B7C0806975960098472F /* PBXContainerItemProxy */;
		};
/* End PBXTargetDependency section */

/* Begin XCBuildConfiguration section */
		233B3DD0306975980098472F /* Debug configuration for PBXProject "NepalKit" */ = {
			isa = XCBuildConfiguration;
			buildSettings = {
				ALWAYS_SEARCH_USER_PATHS = NO;
				ASSETCATALOG_COMPILER_GENERATE_SWIFT_ASSET_SYMBOL_EXTENSIONS = YES;
				CLANG_ANALYZER_NONNULL = YES;
				CLANG_ANALYZER_NUMBER_OBJECT_CONVERSION = YES_AGGRESSIVE;
				CLANG_CXX_LANGUAGE_STANDARD = "gnu++20";
				CLANG_ENABLE_MODULES = YES;
				CLANG_ENABLE_OBJC_ARC = YES;
				CLANG_ENABLE_OBJC_WEAK = YES;
				CLANG_WARN_BLOCK_CAPTURE_AUTORELEASING = YES;
				CLANG_WARN_BOOL_CONVERSION = YES;
				CLANG_WARN_COMMA = YES;
				CLANG_WARN_CONSTANT_CONVERSION = YES;
				CLANG_WARN_DEPRECATED_OBJC_IMPLEMENTATIONS = YES;
				CLANG_WARN_DIRECT_OBJC_ISA_USAGE = YES_ERROR;
				CLANG_WARN_DOCUMENTATION_COMMENTS = YES;
				CLANG_WARN_EMPTY_BODY = YES;
				CLANG_WARN_ENUM_CONVERSION = YES;
				CLANG_WARN_INFINITE_RECURSION = YES;
				CLANG_WARN_INT_CONVERSION = YES;
				CLANG_WARN_NON_LITERAL_NULL_CONVERSION = YES;
				CLANG_WARN_OBJC_IMPLICIT_RETAIN_SELF = YES;
				CLANG_WARN_OBJC_LITERAL_CONVERSION = YES;
				CLANG_WARN_OBJC_ROOT_CLASS = YES_ERROR;
				CLANG_WARN_QUOTED_INCLUDE_IN_FRAMEWORK_HEADER = YES;
				CLANG_WARN_RANGE_LOOP_ANALYSIS = YES;
				CLANG_WARN_STRICT_PROTOTYPES = YES;
				CLANG_WARN_SUSPICIOUS_MOVE = YES;
				CLANG_WARN_UNGUARDED_AVAILABILITY = YES_AGGRESSIVE;
				CLANG_WARN_UNREACHABLE_CODE = YES;
				CLANG_WARN__DUPLICATE_METHOD_MATCH = YES;
				COPY_PHASE_STRIP = NO;
				DEBUG_INFORMATION_FORMAT = dwarf;
				DEVELOPMENT_TEAM = CA89X9954L;
				ENABLE_STRICT_OBJC_MSGSEND = YES;
				ENABLE_TESTABILITY = YES;
				ENABLE_USER_SCRIPT_SANDBOXING = YES;
				GCC_C_LANGUAGE_STANDARD = gnu17;
				GCC_DYNAMIC_NO_PIC = NO;
				GCC_NO_COMMON_BLOCKS = YES;
				GCC_OPTIMIZATION_LEVEL = 0;
				GCC_PREPROCESSOR_DEFINITIONS = (
					"DEBUG=1",
					"$(inherited)",
				);
				GCC_WARN_64_TO_32_BIT_CONVERSION = YES;
				GCC_WARN_ABOUT_RETURN_TYPE = YES_ERROR;
				GCC_WARN_UNDECLARED_SELECTOR = YES;
				GCC_WARN_UNINITIALIZED_AUTOS = YES_AGGRESSIVE;
				GCC_WARN_UNUSED_FUNCTION = YES;
				GCC_WARN_UNUSED_VARIABLE = YES;
				LOCALIZATION_PREFERS_STRING_CATALOGS = YES;
				MACOSX_DEPLOYMENT_TARGET = 26.0;
				MTL_ENABLE_DEBUG_INFO = INCLUDE_SOURCE;
				MTL_FAST_MATH = YES;
				ONLY_ACTIVE_ARCH = YES;
				SDKROOT = macosx;
				SWIFT_ACTIVE_COMPILATION_CONDITIONS = "DEBUG $(inherited)";
				SWIFT_OPTIMIZATION_LEVEL = "-Onone";
			};
			name = Debug;
		};
		233B3DD1306975980098472F /* Release configuration for PBXProject "NepalKit" */ = {
			isa = XCBuildConfiguration;
			buildSettings = {
				ALWAYS_SEARCH_USER_PATHS = NO;
				ASSETCATALOG_COMPILER_GENERATE_SWIFT_ASSET_SYMBOL_EXTENSIONS = YES;
				CLANG_ANALYZER_NONNULL = YES;
				CLANG_ANALYZER_NUMBER_OBJECT_CONVERSION = YES_AGGRESSIVE;
				CLANG_CXX_LANGUAGE_STANDARD = "gnu++20";
				CLANG_ENABLE_MODULES = YES;
				CLANG_ENABLE_OBJC_ARC = YES;
				CLANG_ENABLE_OBJC_WEAK = YES;
				CLANG_WARN_BLOCK_CAPTURE_AUTORELEASING = YES;
				CLANG_WARN_BOOL_CONVERSION = YES;
				CLANG_WARN_COMMA = YES;
				CLANG_WARN_CONSTANT_CONVERSION = YES;
				CLANG_WARN_DEPRECATED_OBJC_IMPLEMENTATIONS = YES;
				CLANG_WARN_DIRECT_OBJC_ISA_USAGE = YES_ERROR;
				CLANG_WARN_DOCUMENTATION_COMMENTS = YES;
				CLANG_WARN_EMPTY_BODY = YES;
				CLANG_WARN_ENUM_CONVERSION = YES;
				CLANG_WARN_INFINITE_RECURSION = YES;
				CLANG_WARN_INT_CONVERSION = YES;
				CLANG_WARN_NON_LITERAL_NULL_CONVERSION = YES;
				CLANG_WARN_OBJC_IMPLICIT_RETAIN_SELF = YES;
				CLANG_WARN_OBJC_LITERAL_CONVERSION = YES;
				CLANG_WARN_OBJC_ROOT_CLASS = YES_ERROR;
				CLANG_WARN_QUOTED_INCLUDE_IN_FRAMEWORK_HEADER = YES;
				CLANG_WARN_RANGE_LOOP_ANALYSIS = YES;
				CLANG_WARN_STRICT_PROTOTYPES = YES;
				CLANG_WARN_SUSPICIOUS_MOVE = YES;
				CLANG_WARN_UNGUARDED_AVAILABILITY = YES_AGGRESSIVE;
				CLANG_WARN_UNREACHABLE_CODE = YES;
				CLANG_WARN__DUPLICATE_METHOD_MATCH = YES;
				COPY_PHASE_STRIP = NO;
				DEBUG_INFORMATION_FORMAT = "dwarf-with-dsym";
				DEVELOPMENT_TEAM = CA89X9954L;
				ENABLE_NS_ASSERTIONS = NO;
				ENABLE_STRICT_OBJC_MSGSEND = YES;
				ENABLE_USER_SCRIPT_SANDBOXING = YES;
				GCC_C_LANGUAGE_STANDARD = gnu17;
				GCC_NO_COMMON_BLOCKS = YES;
				GCC_WARN_64_TO_32_BIT_CONVERSION = YES;
				GCC_WARN_ABOUT_RETURN_TYPE = YES_ERROR;
				GCC_WARN_UNDECLARED_SELECTOR = YES;
				GCC_WARN_UNINITIALIZED_AUTOS = YES_AGGRESSIVE;
				GCC_WARN_UNUSED_FUNCTION = YES;
				GCC_WARN_UNUSED_VARIABLE = YES;
				LOCALIZATION_PREFERS_STRING_CATALOGS = YES;
				MACOSX_DEPLOYMENT_TARGET = 26.0;
				MTL_ENABLE_DEBUG_INFO = NO;
				MTL_FAST_MATH = YES;
				SDKROOT = macosx;
				SWIFT_COMPILATION_MODE = wholemodule;
			};
			name = Release;
		};
		233B3DD3306975980098472F /* Debug configuration for PBXNativeTarget "NepalKit" */ = {
			isa = XCBuildConfiguration;
			buildSettings = {
				ASSETCATALOG_COMPILER_APPICON_NAME = AppIcon;
				ASSETCATALOG_COMPILER_GLOBAL_ACCENT_COLOR_NAME = AccentColor;
				CODE_SIGN_ENTITLEMENTS = NepalKit/NepalKit.entitlements;
				CODE_SIGN_STYLE = Automatic;
				COMBINE_HIDPI_IMAGES = YES;
				CURRENT_PROJECT_VERSION = 3;
				DEVELOPMENT_TEAM = CA89X9954L;
				ENABLE_APP_SANDBOX = YES;
				ENABLE_HARDENED_RUNTIME = YES;
				ENABLE_PREVIEWS = YES;
				ENABLE_USER_SELECTED_FILES = readonly;
				INFOPLIST_FILE = NepalKit/Info.plist;
				LD_RUNPATH_SEARCH_PATHS = (
					"$(inherited)",
					"@executable_path/../Frameworks",
				);
				MARKETING_VERSION = 1.1;
				PRODUCT_BUNDLE_IDENTIFIER = com.dibas.NepalKit.NepalKit;
				PRODUCT_NAME = "$(TARGET_NAME)";
				REGISTER_APP_GROUPS = YES;
				STRING_CATALOG_GENERATE_SYMBOLS = YES;
				SWIFT_APPROACHABLE_CONCURRENCY = YES;
				SWIFT_DEFAULT_ACTOR_ISOLATION = MainActor;
				SWIFT_EMIT_LOC_STRINGS = YES;
				SWIFT_UPCOMING_FEATURE_MEMBER_IMPORT_VISIBILITY = YES;
				SWIFT_VERSION = 5.0;
			};
			name = Debug;
		};
		233B3DD4306975980098472F /* Release configuration for PBXNativeTarget "NepalKit" */ = {
			isa = XCBuildConfiguration;
			buildSettings = {
				ASSETCATALOG_COMPILER_APPICON_NAME = AppIcon;
				ASSETCATALOG_COMPILER_GLOBAL_ACCENT_COLOR_NAME = AccentColor;
				CODE_SIGN_ENTITLEMENTS = NepalKit/NepalKit.entitlements;
				CODE_SIGN_STYLE = Automatic;
				COMBINE_HIDPI_IMAGES = YES;
				CURRENT_PROJECT_VERSION = 3;
				DEVELOPMENT_TEAM = CA89X9954L;
				ENABLE_APP_SANDBOX = YES;
				ENABLE_HARDENED_RUNTIME = YES;
				ENABLE_PREVIEWS = YES;
				ENABLE_USER_SELECTED_FILES = readonly;
				INFOPLIST_FILE = NepalKit/Info.plist;
				LD_RUNPATH_SEARCH_PATHS = (
					"$(inherited)",
					"@executable_path/../Frameworks",
				);
				MARKETING_VERSION = 1.1;
				PRODUCT_BUNDLE_IDENTIFIER = com.dibas.NepalKit.NepalKit;
				PRODUCT_NAME = "$(TARGET_NAME)";
				REGISTER_APP_GROUPS = YES;
				STRING_CATALOG_GENERATE_SYMBOLS = YES;
				SWIFT_APPROACHABLE_CONCURRENCY = YES;
				SWIFT_DEFAULT_ACTOR_ISOLATION = MainActor;
				SWIFT_EMIT_LOC_STRINGS = YES;
				SWIFT_UPCOMING_FEATURE_MEMBER_IMPORT_VISIBILITY = YES;
				SWIFT_VERSION = 5.0;
			};
			name = Release;
		};
		7A7B7C0A06975960098472F /* Debug */ = {
			isa = XCBuildConfiguration;
			buildSettings = {
				BUNDLE_LOADER = "$(TEST_HOST)";
				CODE_SIGN_STYLE = Automatic;
				CURRENT_PROJECT_VERSION = 3;
				DEVELOPMENT_TEAM = CA89X9954L;
				ENABLE_TESTABILITY = YES;
				MARKETING_VERSION = 1.1;
				PRODUCT_BUNDLE_IDENTIFIER = com.dibas.NepalKit.NepalKitTests;
				PRODUCT_NAME = "$(TARGET_NAME)";
				SWIFT_VERSION = 5.0;
				TEST_HOST = "$(BUILT_PRODUCTS_DIR)/NepalKit.app/Contents/MacOS/NepalKit";
				LD_RUNPATH_SEARCH_PATHS = (
					"$(inherited)",
					"@executable_path",
					"@loader_path/../../../MacOS",
					"@loader_path/../Frameworks",
				);
			};
			name = Debug;
		};
		7A7B7C0B06975960098472F /* Release */ = {
			isa = XCBuildConfiguration;
			buildSettings = {
				BUNDLE_LOADER = "$(TEST_HOST)";
				CODE_SIGN_STYLE = Automatic;
				CURRENT_PROJECT_VERSION = 3;
				DEVELOPMENT_TEAM = CA89X9954L;
				MARKETING_VERSION = 1.1;
				PRODUCT_BUNDLE_IDENTIFIER = com.dibas.NepalKit.NepalKitTests;
				PRODUCT_NAME = "$(TARGET_NAME)";
				SWIFT_COMPILATION_MODE = wholemodule;
				SWIFT_VERSION = 5.0;
				TEST_HOST = "$(BUILT_PRODUCTS_DIR)/NepalKit.app/Contents/MacOS/NepalKit";
				LD_RUNPATH_SEARCH_PATHS = (
					"$(inherited)",
					"@executable_path",
					"@loader_path/../../../MacOS",
					"@loader_path/../Frameworks",
				);
			};
			name = Release;
		};
/* End XCBuildConfiguration section */

/* Begin XCConfigurationList section */
		233B3DC2306975960098472F /* Build configuration list for PBXProject "NepalKit" */ = {
			isa = XCConfigurationList;
			buildConfigurations = (
				233B3DD0306975980098472F /* Debug configuration for PBXProject "NepalKit" */,
				233B3DD1306975980098472F /* Release configuration for PBXProject "NepalKit" */,
			);
			defaultConfigurationName = Release;
		};
		233B3DD2306975980098472F /* Build configuration list for PBXNativeTarget "NepalKit" */ = {
			isa = XCConfigurationList;
			buildConfigurations = (
				233B3DD3306975980098472F /* Debug configuration for PBXNativeTarget "NepalKit" */,
				233B3DD4306975980098472F /* Release configuration for PBXNativeTarget "NepalKit" */,
			);
			defaultConfigurationName = Release;
		};
		7A7B7C0906975960098472F /* Build configuration list for PBXNativeTarget "NepalKitTests" */ = {
			isa = XCConfigurationList;
			buildConfigurations = (
				7A7B7C0A06975960098472F /* Debug */,
				7A7B7C0B06975960098472F /* Release */,
			);
			defaultConfigurationIsVisible = 0;
			defaultConfigurationName = Release;
		};
/* End XCConfigurationList section */
	};
	rootObject = 233B3DBF306975960098472F /* Project object */;
	validationLevel = 1;
}
